Microsoft Visual Studio Solution File, Format Version 12.00
# Visual Studio 15
VisualStudioVersion = 15.0.28307.779
MinimumVisualStudioVersion = 10.0.40219.1
Project("{FAE04EC0-301F-11D3-BF4B-00C04F79EFBC}") = "MiniMessagePack", "MessagePack\MiniMessagePack.csproj", "{201004C2-D7AA-4EF0-B30C-280A28390613}"
EndProject
Project("{FAE04EC0-301F-11D3-BF4B-00C04F79EFBC}") = "MessagePackTest", "..\..\test\MessagePackTest\MessagePackTest.csproj", "{CDA477E1-463F-422C-B2C5-AF33B0DD7D0C}"
EndProject
Project("{FAE04EC0-301F-11D3-BF4B-00C04F79EFBC}") = "MessagePackProfile", "..\..\test\MessagePackProfile\MessagePackProfile.csproj", "{10004901-31CA-437E-BDB7-8C41EA82F756}"
EndProject
Global
	GlobalSection(SolutionConfigurationPlatforms) = preSolution
		Debug|anycpu = Debug|anycpu
		Release|anycpu = Release|anycpu
	EndGlobalSection
	GlobalSection(ProjectConfigurationPlatforms) = postSolution
		{201004C2-D7AA-4EF0-B30C-280A28390613}.Debug|anycpu.ActiveCfg = Debug|Any CPU
		{201004C2-D7AA-4EF0-B30C-280A28390613}.Debug|anycpu.Build.0 = Debug|Any CPU
		{201004C2-D7AA-4EF0-B30C-280A28390613}.Release|anycpu.ActiveCfg = Release|Any CPU
		{201004C2-D7AA-4EF0-B30C-280A28390613}.Release|anycpu.Build.0 = Release|Any CPU
		{CDA477E1-463F-422C-B2C5-AF33B0DD7D0C}.Debug|anycpu.ActiveCfg = Debug|Any CPU
		{CDA477E1-463F-422C-B2C5-AF33B0DD7D0C}.Debug|anycpu.Build.0 = Debug|Any CPU
		{CDA477E1-463F-422C-B2C5-AF33B0DD7D0C}.Release|anycpu.ActiveCfg = Release|Any CPU
		{CDA477E1-463F-422C-B2C5-AF33B0DD7D0C}.Release|anycpu.Build.0 = Release|Any CPU
		{10004901-31CA-437E-BDB7-8C41EA82F756}.Debug|anycpu.ActiveCfg = Debug|Any CPU
		{10004901-31CA-437E-BDB7-8C41EA82F756}.Debug|anycpu.Build.0 = Debug|Any CPU
		{10004901-31CA-437E-BDB7-8C41EA82F756}.Release|anycpu.ActiveCfg = Release|Any CPU
		{10004901-31CA-437E-BDB7-8C41EA82F756}.Release|anycpu.Build.0 = Release|Any CPU
	EndGlobalSection
	GlobalSection(SolutionProperties) = preSolution
		HideSolutionNode = FALSE
	EndGlobalSection
	GlobalSection(ExtensibilityGlobals) = postSolution
		SolutionGuid = {85FBE901-6421-468D-8D57-ECDDBCB6F5FF}
	EndGlobalSection
EndGlobal
